
Microsoft Visual Studio Solution File, Format Version 12.00
# Visual Studio 15
VisualStudioVersion = 15.0.27130.2027
MinimumVisualStudioVersion = 10.0.40219.1
Project("{FAE04EC0-301F-11D3-BF4B-00C04F79EFBC}") = "DirectoryCompare.Cli", "DirectoryCompare.Cli\DirectoryCompare.Cli.csproj", "{1A2BF82B-A566-4D6B-9ADA-3414DD8C12D8}"
EndProject
Project("{FAE04EC0-301F-11D3-BF4B-00C04F79EFBC}") = "DirectoryCompare.Tests", "DirectoryCompare.Tests\DirectoryCompare.Tests.csproj", "{89FC20A7-3B62-4382-9408-1963EB9E0D8E}"
EndProject
Project("{FAE04EC0-301F-11D3-BF4B-00C04F79EFBC}") = "DirectoryCompare", "DirectoryCompare\DirectoryCompare.csproj", "{27EAA312-EC92-41EA-B854-00B5C9F2FC7B}"
EndProject
Global
	GlobalSection(SolutionConfigurationPlatforms) = preSolution
		Debug|Any CPU = Debug|Any CPU
		Release|Any CPU = Release|Any CPU
	EndGlobalSection
	GlobalSection(ProjectConfigurationPlatforms) = postSolution
		{1A2BF82B-A566-4D6B-9ADA-3414DD8C12D8}.Debug|Any CPU.ActiveCfg = Debug|Any CPU
		{1A2BF82B-A566-4D6B-9ADA-3414DD8C12D8}.Debug|Any CPU.Build.0 = Debug|Any CPU
		{1A2BF82B-A566-4D6B-9ADA-3414DD8C12D8}.Release|Any CPU.ActiveCfg = Release|Any CPU
		{1A2BF82B-A566-4D6B-9ADA-3414DD8C12D8}.Release|Any CPU.Build.0 = Release|Any CPU
		{89FC20A7-3B62-4382-9408-1963EB9E0D8E}.Debug|Any CPU.ActiveCfg = Debug|Any CPU
		{89FC20A7-3B62-4382-9408-1963EB9E0D8E}.Debug|Any CPU.Build.0 = Debug|Any CPU
		{89FC20A7-3B62-4382-9408-1963EB9E0D8E}.Release|Any CPU.ActiveCfg = Release|Any CPU
		{89FC20A7-3B62-4382-9408-1963EB9E0D8E}.Release|Any CPU.Build.0 = Release|Any CPU
		{27EAA312-EC92-41EA-B854-00B5C9F2FC7B}.Debug|Any CPU.ActiveCfg = Debug|Any CPU
		{27EAA312-EC92-41EA-B854-00B5C9F2FC7B}.Debug|Any CPU.Build.0 = Debug|Any CPU
		{27EAA312-EC92-41EA-B854-00B5C9F2FC7B}.Release|Any CPU.ActiveCfg = Release|Any CPU
		{27EAA312-EC92-41EA-B854-00B5C9F2FC7B}.Release|Any CPU.Build.0 = Release|Any CPU
	EndGlobalSection
	GlobalSection(SolutionProperties) = preSolution
		HideSolutionNode = FALSE
	EndGlobalSection
	GlobalSection(ExtensibilityGlobals) = postSolution
		SolutionGuid = {206F6624-8C46-4C49-B707-44020071EF77}
	EndGlobalSection
EndGlobal
