
Microsoft Visual Studio Solution File, Format Version 12.00
# Visual Studio 15
VisualStudioVersion = 15.0.27130.2027
MinimumVisualStudioVersion = 10.0.40219.1
Project("{FAE04EC0-301F-11D3-BF4B-00C04F79EFBC}") = "DirectoryCompare.Cli", "DirectoryCompare.Cli\DirectoryCompare.Cli.csproj", "{1A2BF82B-A566-4D6B-9ADA-3414DD8C12D8}"
EndProject
Project("{FAE04EC0-301F-11D3-BF4B-00C04F79EFBC}") = "DirectoryCompare.Tests", "DirectoryCompare.Tests\DirectoryCompare.Tests.csproj", "{89FC20A7-3B62-4382-9408-1963EB9E0D8E}"
EndProject
Project("{FAE04EC0-301F-11D3-BF4B-00C04F79EFBC}") = "DirectoryCompare.Domain", "DirectoryCompare.Domain\DirectoryCompare.Domain.csproj", "{27EAA312-EC92-41EA-B854-00B5C9F2FC7B}"
EndProject
Project("{FAE04EC0-301F-11D3-BF4B-00C04F79EFBC}") = "ConsoleFramework", "ConsoleFramework\ConsoleFramework.csproj", "{6727DB3A-F9C4-4057-BA2A-228AC6EE4676}"
EndProject
Project("{FAE04EC0-301F-11D3-BF4B-00C04F79EFBC}") = "DirectoryCompare.JsonHashesFile", "DirectoryCompare.JsonHashesFile\DirectoryCompare.JsonHashesFile.csproj", "{DEF896B7-F822-4414-A2DF-1C37A50490ED}"
EndProject
Project("{FAE04EC0-301F-11D3-BF4B-00C04F79EFBC}") = "DirectoryCompare.Application", "DirectoryComapre.Application\DirectoryCompare.Application.csproj", "{4803E289-ED56-4872-9BA8-7001041E615B}"
EndProject
Project("{FAE04EC0-301F-11D3-BF4B-00C04F79EFBC}") = "DirectoryCompare.DiskAnalysis", "DirectoryCompare.DiskAnalysis\DirectoryCompare.DiskAnalysis.csproj", "{243D8C53-4B1C-4D78-BA62-B0C8900C4801}"
EndProject
Global
	GlobalSection(SolutionConfigurationPlatforms) = preSolution
		Debug|Any CPU = Debug|Any CPU
		Debug|x64 = Debug|x64
		Debug|x86 = Debug|x86
		Release|Any CPU = Release|Any CPU
		Release|x64 = Release|x64
		Release|x86 = Release|x86
	EndGlobalSection
	GlobalSection(ProjectConfigurationPlatforms) = postSolution
		{1A2BF82B-A566-4D6B-9ADA-3414DD8C12D8}.Debug|Any CPU.ActiveCfg = Debug|Any CPU
		{1A2BF82B-A566-4D6B-9ADA-3414DD8C12D8}.Debug|Any CPU.Build.0 = Debug|Any CPU
		{1A2BF82B-A566-4D6B-9ADA-3414DD8C12D8}.Debug|x64.ActiveCfg = Debug|Any CPU
		{1A2BF82B-A566-4D6B-9ADA-3414DD8C12D8}.Debug|x64.Build.0 = Debug|Any CPU
		{1A2BF82B-A566-4D6B-9ADA-3414DD8C12D8}.Debug|x86.ActiveCfg = Debug|Any CPU
		{1A2BF82B-A566-4D6B-9ADA-3414DD8C12D8}.Debug|x86.Build.0 = Debug|Any CPU
		{1A2BF82B-A566-4D6B-9ADA-3414DD8C12D8}.Release|Any CPU.ActiveCfg = Release|Any CPU
		{1A2BF82B-A566-4D6B-9ADA-3414DD8C12D8}.Release|Any CPU.Build.0 = Release|Any CPU
		{1A2BF82B-A566-4D6B-9ADA-3414DD8C12D8}.Release|x64.ActiveCfg = Release|Any CPU
		{1A2BF82B-A566-4D6B-9ADA-3414DD8C12D8}.Release|x64.Build.0 = Release|Any CPU
		{1A2BF82B-A566-4D6B-9ADA-3414DD8C12D8}.Release|x86.ActiveCfg = Release|Any CPU
		{1A2BF82B-A566-4D6B-9ADA-3414DD8C12D8}.Release|x86.Build.0 = Release|Any CPU
		{89FC20A7-3B62-4382-9408-1963EB9E0D8E}.Debug|Any CPU.ActiveCfg = Debug|Any CPU
		{89FC20A7-3B62-4382-9408-1963EB9E0D8E}.Debug|Any CPU.Build.0 = Debug|Any CPU
		{89FC20A7-3B62-4382-9408-1963EB9E0D8E}.Debug|x64.ActiveCfg = Debug|Any CPU
		{89FC20A7-3B62-4382-9408-1963EB9E0D8E}.Debug|x64.Build.0 = Debug|Any CPU
		{89FC20A7-3B62-4382-9408-1963EB9E0D8E}.Debug|x86.ActiveCfg = Debug|Any CPU
		{89FC20A7-3B62-4382-9408-1963EB9E0D8E}.Debug|x86.Build.0 = Debug|Any CPU
		{89FC20A7-3B62-4382-9408-1963EB9E0D8E}.Release|Any CPU.ActiveCfg = Release|Any CPU
		{89FC20A7-3B62-4382-9408-1963EB9E0D8E}.Release|Any CPU.Build.0 = Release|Any CPU
		{89FC20A7-3B62-4382-9408-1963EB9E0D8E}.Release|x64.ActiveCfg = Release|Any CPU
		{89FC20A7-3B62-4382-9408-1963EB9E0D8E}.Release|x64.Build.0 = Release|Any CPU
		{89FC20A7-3B62-4382-9408-1963EB9E0D8E}.Release|x86.ActiveCfg = Release|Any CPU
		{89FC20A7-3B62-4382-9408-1963EB9E0D8E}.Release|x86.Build.0 = Release|Any CPU
		{27EAA312-EC92-41EA-B854-00B5C9F2FC7B}.Debug|Any CPU.ActiveCfg = Debug|Any CPU
		{27EAA312-EC92-41EA-B854-00B5C9F2FC7B}.Debug|Any CPU.Build.0 = Debug|Any CPU
		{27EAA312-EC92-41EA-B854-00B5C9F2FC7B}.Debug|x64.ActiveCfg = Debug|Any CPU
		{27EAA312-EC92-41EA-B854-00B5C9F2FC7B}.Debug|x64.Build.0 = Debug|Any CPU
		{27EAA312-EC92-41EA-B854-00B5C9F2FC7B}.Debug|x86.ActiveCfg = Debug|Any CPU
		{27EAA312-EC92-41EA-B854-00B5C9F2FC7B}.Debug|x86.Build.0 = Debug|Any CPU
		{27EAA312-EC92-41EA-B854-00B5C9F2FC7B}.Release|Any CPU.ActiveCfg = Release|Any CPU
		{27EAA312-EC92-41EA-B854-00B5C9F2FC7B}.Release|Any CPU.Build.0 = Release|Any CPU
		{27EAA312-EC92-41EA-B854-00B5C9F2FC7B}.Release|x64.ActiveCfg = Release|Any CPU
		{27EAA312-EC92-41EA-B854-00B5C9F2FC7B}.Release|x64.Build.0 = Release|Any CPU
		{27EAA312-EC92-41EA-B854-00B5C9F2FC7B}.Release|x86.ActiveCfg = Release|Any CPU
		{27EAA312-EC92-41EA-B854-00B5C9F2FC7B}.Release|x86.Build.0 = Release|Any CPU
		{6727DB3A-F9C4-4057-BA2A-228AC6EE4676}.Debug|Any CPU.ActiveCfg = Debug|Any CPU
		{6727DB3A-F9C4-4057-BA2A-228AC6EE4676}.Debug|Any CPU.Build.0 = Debug|Any CPU
		{6727DB3A-F9C4-4057-BA2A-228AC6EE4676}.Debug|x64.ActiveCfg = Debug|Any CPU
		{6727DB3A-F9C4-4057-BA2A-228AC6EE4676}.Debug|x64.Build.0 = Debug|Any CPU
		{6727DB3A-F9C4-4057-BA2A-228AC6EE4676}.Debug|x86.ActiveCfg = Debug|Any CPU
		{6727DB3A-F9C4-4057-BA2A-228AC6EE4676}.Debug|x86.Build.0 = Debug|Any CPU
		{6727DB3A-F9C4-4057-BA2A-228AC6EE4676}.Release|Any CPU.ActiveCfg = Release|Any CPU
		{6727DB3A-F9C4-4057-BA2A-228AC6EE4676}.Release|Any CPU.Build.0 = Release|Any CPU
		{6727DB3A-F9C4-4057-BA2A-228AC6EE4676}.Release|x64.ActiveCfg = Release|Any CPU
		{6727DB3A-F9C4-4057-BA2A-228AC6EE4676}.Release|x64.Build.0 = Release|Any CPU
		{6727DB3A-F9C4-4057-BA2A-228AC6EE4676}.Release|x86.ActiveCfg = Release|Any CPU
		{6727DB3A-F9C4-4057-BA2A-228AC6EE4676}.Release|x86.Build.0 = Release|Any CPU
		{DEF896B7-F822-4414-A2DF-1C37A50490ED}.Debug|Any CPU.ActiveCfg = Debug|Any CPU
		{DEF896B7-F822-4414-A2DF-1C37A50490ED}.Debug|Any CPU.Build.0 = Debug|Any CPU
		{DEF896B7-F822-4414-A2DF-1C37A50490ED}.Debug|x64.ActiveCfg = Debug|Any CPU
		{DEF896B7-F822-4414-A2DF-1C37A50490ED}.Debug|x64.Build.0 = Debug|Any CPU
		{DEF896B7-F822-4414-A2DF-1C37A50490ED}.Debug|x86.ActiveCfg = Debug|Any CPU
		{DEF896B7-F822-4414-A2DF-1C37A50490ED}.Debug|x86.Build.0 = Debug|Any CPU
		{DEF896B7-F822-4414-A2DF-1C37A50490ED}.Release|Any CPU.ActiveCfg = Release|Any CPU
		{DEF896B7-F822-4414-A2DF-1C37A50490ED}.Release|Any CPU.Build.0 = Release|Any CPU
		{DEF896B7-F822-4414-A2DF-1C37A50490ED}.Release|x64.ActiveCfg = Release|Any CPU
		{DEF896B7-F822-4414-A2DF-1C37A50490ED}.Release|x64.Build.0 = Release|Any CPU
		{DEF896B7-F822-4414-A2DF-1C37A50490ED}.Release|x86.ActiveCfg = Release|Any CPU
		{DEF896B7-F822-4414-A2DF-1C37A50490ED}.Release|x86.Build.0 = Release|Any CPU
		{4803E289-ED56-4872-9BA8-7001041E615B}.Debug|Any CPU.ActiveCfg = Debug|Any CPU
		{4803E289-ED56-4872-9BA8-7001041E615B}.Debug|Any CPU.Build.0 = Debug|Any CPU
		{4803E289-ED56-4872-9BA8-7001041E615B}.Debug|x64.ActiveCfg = Debug|Any CPU
		{4803E289-ED56-4872-9BA8-7001041E615B}.Debug|x64.Build.0 = Debug|Any CPU
		{4803E289-ED56-4872-9BA8-7001041E615B}.Debug|x86.ActiveCfg = Debug|Any CPU
		{4803E289-ED56-4872-9BA8-7001041E615B}.Debug|x86.Build.0 = Debug|Any CPU
		{4803E289-ED56-4872-9BA8-7001041E615B}.Release|Any CPU.ActiveCfg = Release|Any CPU
		{4803E289-ED56-4872-9BA8-7001041E615B}.Release|Any CPU.Build.0 = Release|Any CPU
		{4803E289-ED56-4872-9BA8-7001041E615B}.Release|x64.ActiveCfg = Release|Any CPU
		{4803E289-ED56-4872-9BA8-7001041E615B}.Release|x64.Build.0 = Release|Any CPU
		{4803E289-ED56-4872-9BA8-7001041E615B}.Release|x86.ActiveCfg = Release|Any CPU
		{4803E289-ED56-4872-9BA8-7001041E615B}.Release|x86.Build.0 = Release|Any CPU
		{243D8C53-4B1C-4D78-BA62-B0C8900C4801}.Debug|Any CPU.ActiveCfg = Debug|Any CPU
		{243D8C53-4B1C-4D78-BA62-B0C8900C4801}.Debug|Any CPU.Build.0 = Debug|Any CPU
		{243D8C53-4B1C-4D78-BA62-B0C8900C4801}.Debug|x64.ActiveCfg = Debug|Any CPU
		{243D8C53-4B1C-4D78-BA62-B0C8900C4801}.Debug|x64.Build.0 = Debug|Any CPU
		{243D8C53-4B1C-4D78-BA62-B0C8900C4801}.Debug|x86.ActiveCfg = Debug|Any CPU
		{243D8C53-4B1C-4D78-BA62-B0C8900C4801}.Debug|x86.Build.0 = Debug|Any CPU
		{243D8C53-4B1C-4D78-BA62-B0C8900C4801}.Release|Any CPU.ActiveCfg = Release|Any CPU
		{243D8C53-4B1C-4D78-BA62-B0C8900C4801}.Release|Any CPU.Build.0 = Release|Any CPU
		{243D8C53-4B1C-4D78-BA62-B0C8900C4801}.Release|x64.ActiveCfg = Release|Any CPU
		{243D8C53-4B1C-4D78-BA62-B0C8900C4801}.Release|x64.Build.0 = Release|Any CPU
		{243D8C53-4B1C-4D78-BA62-B0C8900C4801}.Release|x86.ActiveCfg = Release|Any CPU
		{243D8C53-4B1C-4D78-BA62-B0C8900C4801}.Release|x86.Build.0 = Release|Any CPU
	EndGlobalSection
	GlobalSection(SolutionProperties) = preSolution
		HideSolutionNode = FALSE
	EndGlobalSection
	GlobalSection(ExtensibilityGlobals) = postSolution
		SolutionGuid = {206F6624-8C46-4C49-B707-44020071EF77}
	EndGlobalSection
EndGlobal
